
Microsoft Visual Studio Solution File, Format Version 12.00
# Visual Studio Version 17
VisualStudioVersion = 17.5.33414.496
MinimumVisualStudioVersion = 10.0.40219.1
Project("{9A19103F-16F7-4668-BE54-9A1E7A4F7556}") = "Core", "Core\Core.csproj", "{5A369CAF-20D1-4AA4-82E7-7FD0D469948E}"
EndProject
Project("{9A19103F-16F7-4668-BE54-9A1E7A4F7556}") = "Food_Ordering_API", "Food_Ordering_API\Food_Ordering_API.csproj", "{4F0F7E73-3DB6-4439-A1D6-2EDBD1436792}"
EndProject
Project("{9A19103F-16F7-4668-BE54-9A1E7A4F7556}") = "Infrastructure", "Infrastructure\Infrastructure.csproj", "{A372606F-46D8-4CDF-A149-F0EEFF3B0F2C}"
EndProject
Project("{9A19103F-16F7-4668-BE54-9A1E7A4F7556}") = "Order_API", "Order_API\Order_API.csproj", "{B9EA0C42-8364-4B64-873D-0ADC1E233F93}"
EndProject
Project("{9A19103F-16F7-4668-BE54-9A1E7A4F7556}") = "Restaurant_API", "Restaurant_API\Restaurant_API.csproj", "{29258FB5-2065-454B-B6A9-5D0A8BA9714A}"
EndProject
Project("{9A19103F-16F7-4668-BE54-9A1E7A4F7556}") = "Food_Ordering_Web", "Food_Ordering_Web\Food_Ordering_Web.csproj", "{25B31F37-9976-4146-8D4A-969589E2FF34}"
EndProject
Global
	GlobalSection(SolutionConfigurationPlatforms) = preSolution
		Debug|Any CPU = Debug|Any CPU
		Release|Any CPU = Release|Any CPU
	EndGlobalSection
	GlobalSection(ProjectConfigurationPlatforms) = postSolution
		{5A369CAF-20D1-4AA4-82E7-7FD0D469948E}.Debug|Any CPU.ActiveCfg = Debug|Any CPU
		{5A369CAF-20D1-4AA4-82E7-7FD0D469948E}.Debug|Any CPU.Build.0 = Debug|Any CPU
		{5A369CAF-20D1-4AA4-82E7-7FD0D469948E}.Release|Any CPU.ActiveCfg = Release|Any CPU
		{5A369CAF-20D1-4AA4-82E7-7FD0D469948E}.Release|Any CPU.Build.0 = Release|Any CPU
		{4F0F7E73-3DB6-4439-A1D6-2EDBD1436792}.Debug|Any CPU.ActiveCfg = Debug|Any CPU
		{4F0F7E73-3DB6-4439-A1D6-2EDBD1436792}.Debug|Any CPU.Build.0 = Debug|Any CPU
		{4F0F7E73-3DB6-4439-A1D6-2EDBD1436792}.Release|Any CPU.ActiveCfg = Release|Any CPU
		{4F0F7E73-3DB6-4439-A1D6-2EDBD1436792}.Release|Any CPU.Build.0 = Release|Any CPU
		{A372606F-46D8-4CDF-A149-F0EEFF3B0F2C}.Debug|Any CPU.ActiveCfg = Debug|Any CPU
		{A372606F-46D8-4CDF-A149-F0EEFF3B0F2C}.Debug|Any CPU.Build.0 = Debug|Any CPU
		{A372606F-46D8-4CDF-A149-F0EEFF3B0F2C}.Release|Any CPU.ActiveCfg = Release|Any CPU
		{A372606F-46D8-4CDF-A149-F0EEFF3B0F2C}.Release|Any CPU.Build.0 = Release|Any CPU
		{B9EA0C42-8364-4B64-873D-0ADC1E233F93}.Debug|Any CPU.ActiveCfg = Debug|Any CPU
		{B9EA0C42-8364-4B64-873D-0ADC1E233F93}.Debug|Any CPU.Build.0 = Debug|Any CPU
		{B9EA0C42-8364-4B64-873D-0ADC1E233F93}.Release|Any CPU.ActiveCfg = Release|Any CPU
		{B9EA0C42-8364-4B64-873D-0ADC1E233F93}.Release|Any CPU.Build.0 = Release|Any CPU
		{29258FB5-2065-454B-B6A9-5D0A8BA9714A}.Debug|Any CPU.ActiveCfg = Debug|Any CPU
		{29258FB5-2065-454B-B6A9-5D0A8BA9714A}.Debug|Any CPU.Build.0 = Debug|Any CPU
		{29258FB5-2065-454B-B6A9-5D0A8BA9714A}.Release|Any CPU.ActiveCfg = Release|Any CPU
		{29258FB5-2065-454B-B6A9-5D0A8BA9714A}.Release|Any CPU.Build.0 = Release|Any CPU
		{25B31F37-9976-4146-8D4A-969589E2FF34}.Debug|Any CPU.ActiveCfg = Debug|Any CPU
		{25B31F37-9976-4146-8D4A-969589E2FF34}.Debug|Any CPU.Build.0 = Debug|Any CPU
		{25B31F37-9976-4146-8D4A-969589E2FF34}.Release|Any CPU.ActiveCfg = Release|Any CPU
		{25B31F37-9976-4146-8D4A-969589E2FF34}.Release|Any CPU.Build.0 = Release|Any CPU
	EndGlobalSection
	GlobalSection(SolutionProperties) = preSolution
		HideSolutionNode = FALSE
	EndGlobalSection
	GlobalSection(ExtensibilityGlobals) = postSolution
		SolutionGuid = {450005F6-CEE1-4247-BF37-EA8A0927DA0E}
	EndGlobalSection
EndGlobal
